// !$*UTF8*$!
{
	archiveVersion = 1;
	classes = {
	};
	objectVersion = 46;
	objects = {

/* Begin PBXBuildFile section */
		7926328E1B94E2F10093FAEA /* RBDateTimeBasicTests.m in Sources */ = {isa = PBXBuildFile; fileRef = 7926328D1B94E2F10093FAEA /* RBDateTimeBasicTests.m */; };
		792632901B94F9B70093FAEA /* RBDateTimeTimeZoneTests.m in Sources */ = {isa = PBXBuildFile; fileRef = 7926328F1B94F9B70093FAEA /* RBDateTimeTimeZoneTests.m */; };
		79372C041B9587B100FBC121 /* RBDateTimeAddingTests.m in Sources */ = {isa = PBXBuildFile; fileRef = 79372C031B9587B100FBC121 /* RBDateTimeAddingTests.m */; };
		79372C071B961F4500FBC121 /* RBDateTime+Formatting.m in Sources */ = {isa = PBXBuildFile; fileRef = 79372C061B961F4500FBC121 /* RBDateTime+Formatting.m */; };
		79372C091B9627CE00FBC121 /* RBDateTimeFormattingTests.m in Sources */ = {isa = PBXBuildFile; fileRef = 79372C081B9627CE00FBC121 /* RBDateTimeFormattingTests.m */; };
		79372C0A1B96287E00FBC121 /* RBDateTime+Formatting.m in Sources */ = {isa = PBXBuildFile; fileRef = 79372C061B961F4500FBC121 /* RBDateTime+Formatting.m */; };
		79C807B61B8BDFC2008F2938 /* RBDateTime.h in CopyFiles */ = {isa = PBXBuildFile; fileRef = 79C807B51B8BDFC2008F2938 /* RBDateTime.h */; };
		79C807B81B8BDFC2008F2938 /* RBDateTime.m in Sources */ = {isa = PBXBuildFile; fileRef = 79C807B71B8BDFC2008F2938 /* RBDateTime.m */; };
		79C807BE1B8BDFC2008F2938 /* libRBDateTime.a in Frameworks */ = {isa = PBXBuildFile; fileRef = 79C807B21B8BDFC2008F2938 /* libRBDateTime.a */; };
		79C807D01B8BE60D008F2938 /* RBTimeSpan.m in Sources */ = {isa = PBXBuildFile; fileRef = 79C807CF1B8BE60D008F2938 /* RBTimeSpan.m */; };
		79C807D11B8BE60D008F2938 /* RBTimeSpan.m in Sources */ = {isa = PBXBuildFile; fileRef = 79C807CF1B8BE60D008F2938 /* RBTimeSpan.m */; };
		79C807D21B8BE611008F2938 /* RBDateTime.m in Sources */ = {isa = PBXBuildFile; fileRef = 79C807B71B8BDFC2008F2938 /* RBDateTime.m */; };
/* End PBXBuildFile section */

/* Begin PBXContainerItemProxy section */
		79C807BF1B8BDFC2008F2938 /* PBXContainerItemProxy */ = {
			isa = PBXContainerItemProxy;
			containerPortal = 79C807AA1B8BDFC2008F2938 /* Project object */;
			proxyType = 1;
			remoteGlobalIDString = 79C807B11B8BDFC2008F2938;
			remoteInfo = RBDateTime;
		};
/* End PBXContainerItemProxy section */

/* Begin PBXCopyFilesBuildPhase section */
		79C807B01B8BDFC2008F2938 /* CopyFiles */ = {
			isa = PBXCopyFilesBuildPhase;
			buildActionMask = 2147483647;
			dstPath = "include/$(PRODUCT_NAME)";
			dstSubfolderSpec = 16;
			files = (
				79C807B61B8BDFC2008F2938 /* RBDateTime.h in CopyFiles */,
			);
			runOnlyForDeploymentPostprocessing = 0;
		};
/* End PBXCopyFilesBuildPhase section */

/* Begin PBXFileReference section */
		7926328D1B94E2F10093FAEA /* RBDateTimeBasicTests.m */ = {isa = PBXFileReference; fileEncoding = 4; lastKnownFileType = sourcecode.c.objc; path = RBDateTimeBasicTests.m; sourceTree = "<group>"; };
		7926328F1B94F9B70093FAEA /* RBDateTimeTimeZoneTests.m */ = {isa = PBXFileReference; fileEncoding = 4; lastKnownFileType = sourcecode.c.objc; path = RBDateTimeTimeZoneTests.m; sourceTree = "<group>"; };
		79372C031B9587B100FBC121 /* RBDateTimeAddingTests.m */ = {isa = PBXFileReference; fileEncoding = 4; lastKnownFileType = sourcecode.c.objc; path = RBDateTimeAddingTests.m; sourceTree = "<group>"; };
		79372C061B961F4500FBC121 /* RBDateTime+Formatting.m */ = {isa = PBXFileReference; fileEncoding = 4; lastKnownFileType = sourcecode.c.objc; path = "RBDateTime+Formatting.m"; sourceTree = "<group>"; };
		79372C081B9627CE00FBC121 /* RBDateTimeFormattingTests.m */ = {isa = PBXFileReference; fileEncoding = 4; lastKnownFileType = sourcecode.c.objc; path = RBDateTimeFormattingTests.m; sourceTree = "<group>"; };
		79C807B21B8BDFC2008F2938 /* libRBDateTime.a */ = {isa = PBXFileReference; explicitFileType = archive.ar; includeInIndex = 0; path = libRBDateTime.a; sourceTree = BUILT_PRODUCTS_DIR; };
		79C807B51B8BDFC2008F2938 /* RBDateTime.h */ = {isa = PBXFileReference; lastKnownFileType = sourcecode.c.h; path = RBDateTime.h; sourceTree = "<group>"; };
		79C807B71B8BDFC2008F2938 /* RBDateTime.m */ = {isa = PBXFileReference; lastKnownFileType = sourcecode.c.objc; path = RBDateTime.m; sourceTree = "<group>"; };
		79C807BD1B8BDFC2008F2938 /* RBDateTimeTests.xctest */ = {isa = PBXFileReference; explicitFileType = wrapper.cfbundle; includeInIndex = 0; path = RBDateTimeTests.xctest; sourceTree = BUILT_PRODUCTS_DIR; };
		79C807C31B8BDFC2008F2938 /* Info.plist */ = {isa = PBXFileReference; lastKnownFileType = text.plist.xml; path = Info.plist; sourceTree = "<group>"; };
		79C807CC1B8BE076008F2938 /* RBDateTimeTests.m */ = {isa = PBXFileReference; fileEncoding = 4; lastKnownFileType = sourcecode.c.objc; path = RBDateTimeTests.m; sourceTree = "<group>"; };
		79C807CE1B8BE60D008F2938 /* RBTimeSpan.h */ = {isa = PBXFileReference; fileEncoding = 4; lastKnownFileType = sourcecode.c.h; path = RBTimeSpan.h; sourceTree = "<group>"; };
		79C807CF1B8BE60D008F2938 /* RBTimeSpan.m */ = {isa = PBXFileReference; fileEncoding = 4; lastKnownFileType = sourcecode.c.objc; path = RBTimeSpan.m; sourceTree = "<group>"; };
/* End PBXFileReference section */

/* Begin PBXFrameworksBuildPhase section */
		79C807AF1B8BDFC2008F2938 /* Frameworks */ = {
			isa = PBXFrameworksBuildPhase;
			buildActionMask = 2147483647;
			files = (
			);
			runOnlyForDeploymentPostprocessing = 0;
		};
		79C807BA1B8BDFC2008F2938 /* Frameworks */ = {
			isa = PBXFrameworksBuildPhase;
			buildActionMask = 2147483647;
			files = (
				79C807BE1B8BDFC2008F2938 /* libRBDateTime.a in Frameworks */,
			);
			runOnlyForDeploymentPostprocessing = 0;
		};
/* End PBXFrameworksBuildPhase section */

/* Begin PBXGroup section */
		79C807A91B8BDFC2008F2938 = {
			isa = PBXGroup;
			children = (
				79C807B41B8BDFC2008F2938 /* RBDateTime */,
				79C807C11B8BDFC2008F2938 /* RBDateTimeTests */,
				79C807B31B8BDFC2008F2938 /* Products */,
			);
			sourceTree = "<group>";
		};
		79C807B31B8BDFC2008F2938 /* Products */ = {
			isa = PBXGroup;
			children = (
				79C807B21B8BDFC2008F2938 /* libRBDateTime.a */,
				79C807BD1B8BDFC2008F2938 /* RBDateTimeTests.xctest */,
			);
			name = Products;
			sourceTree = "<group>";
		};
		79C807B41B8BDFC2008F2938 /* RBDateTime */ = {
			isa = PBXGroup;
			children = (
				79C807B51B8BDFC2008F2938 /* RBDateTime.h */,
				79C807B71B8BDFC2008F2938 /* RBDateTime.m */,
				79372C061B961F4500FBC121 /* RBDateTime+Formatting.m */,
				79C807CE1B8BE60D008F2938 /* RBTimeSpan.h */,
				79C807CF1B8BE60D008F2938 /* RBTimeSpan.m */,
			);
			path = RBDateTime;
			sourceTree = "<group>";
		};
		79C807C11B8BDFC2008F2938 /* RBDateTimeTests */ = {
			isa = PBXGroup;
			children = (
				79C807CC1B8BE076008F2938 /* RBDateTimeTests.m */,
				7926328D1B94E2F10093FAEA /* RBDateTimeBasicTests.m */,
				79372C031B9587B100FBC121 /* RBDateTimeAddingTests.m */,
				7926328F1B94F9B70093FAEA /* RBDateTimeTimeZoneTests.m */,
				79372C081B9627CE00FBC121 /* RBDateTimeFormattingTests.m */,
				79C807C21B8BDFC2008F2938 /* Supporting Files */,
			);
			path = RBDateTimeTests;
			sourceTree = "<group>";
		};
		79C807C21B8BDFC2008F2938 /* Supporting Files */ = {
			isa = PBXGroup;
			children = (
				79C807C31B8BDFC2008F2938 /* Info.plist */,
			);
			name = "Supporting Files";
			sourceTree = "<group>";
		};
/* End PBXGroup section */

/* Begin PBXNativeTarget section */
		79C807B11B8BDFC2008F2938 /* RBDateTime */ = {
			isa = PBXNativeTarget;
			buildConfigurationList = 79C807C61B8BDFC2008F2938 /* Build configuration list for PBXNativeTarget "RBDateTime" */;
			buildPhases = (
				79C807AE1B8BDFC2008F2938 /* Sources */,
				79C807AF1B8BDFC2008F2938 /* Frameworks */,
				79C807B01B8BDFC2008F2938 /* CopyFiles */,
			);
			buildRules = (
			);
			dependencies = (
			);
			name = RBDateTime;
			productName = RBDateTime;
			productReference = 79C807B21B8BDFC2008F2938 /* libRBDateTime.a */;
			productType = "com.apple.product-type.library.static";
		};
		79C807BC1B8BDFC2008F2938 /* RBDateTimeTests */ = {
			isa = PBXNativeTarget;
			buildConfigurationList = 79C807C91B8BDFC2008F2938 /* Build configuration list for PBXNativeTarget "RBDateTimeTests" */;
			buildPhases = (
				79C807B91B8BDFC2008F2938 /* Sources */,
				79C807BA1B8BDFC2008F2938 /* Frameworks */,
				79C807BB1B8BDFC2008F2938 /* Resources */,
			);
			buildRules = (
			);
			dependencies = (
				79C807C01B8BDFC2008F2938 /* PBXTargetDependency */,
			);
			name = RBDateTimeTests;
			productName = RBDateTimeTests;
			productReference = 79C807BD1B8BDFC2008F2938 /* RBDateTimeTests.xctest */;
			productType = "com.apple.product-type.bundle.unit-test";
		};
/* End PBXNativeTarget section */

/* Begin PBXProject section */
		79C807AA1B8BDFC2008F2938 /* Project object */ = {
			isa = PBXProject;
			attributes = {
				CLASSPREFIX = RB;
				LastUpgradeCheck = 0640;
				ORGANIZATIONNAME = "Richard Bao";
				TargetAttributes = {
					79C807B11B8BDFC2008F2938 = {
						CreatedOnToolsVersion = 6.4;
					};
					79C807BC1B8BDFC2008F2938 = {
						CreatedOnToolsVersion = 6.4;
					};
				};
			};
			buildConfigurationList = 79C807AD1B8BDFC2008F2938 /* Build configuration list for PBXProject "RBDateTime" */;
			compatibilityVersion = "Xcode 3.2";
			developmentRegion = English;
			hasScannedForEncodings = 0;
			knownRegions = (
				en,
			);
			mainGroup = 79C807A91B8BDFC2008F2938;
			productRefGroup = 79C807B31B8BDFC2008F2938 /* Products */;
			projectDirPath = "";
			projectRoot = "";
			targets = (
				79C807B11B8BDFC2008F2938 /* RBDateTime */,
				79C807BC1B8BDFC2008F2938 /* RBDateTimeTests */,
			);
		};
/* End PBXProject section */

/* Begin PBXResourcesBuildPhase section */
		79C807BB1B8BDFC2008F2938 /* Resources */ = {
			isa = PBXResourcesBuildPhase;
			buildActionMask = 2147483647;
			files = (
			);
			runOnlyForDeploymentPostprocessing = 0;
		};
/* End PBXResourcesBuildPhase section */

/* Begin PBXSourcesBuildPhase section */
		79C807AE1B8BDFC2008F2938 /* Sources */ = {
			isa = PBXSourcesBuildPhase;
			buildActionMask = 2147483647;
			files = (
				79372C071B961F4500FBC121 /* RBDateTime+Formatting.m in Sources */,
				79C807D01B8BE60D008F2938 /* RBTimeSpan.m in Sources */,
				79C807B81B8BDFC2008F2938 /* RBDateTime.m in Sources */,
			);
			runOnlyForDeploymentPostprocessing = 0;
		};
		79C807B91B8BDFC2008F2938 /* Sources */ = {
			isa = PBXSourcesBuildPhase;
			buildActionMask = 2147483647;
			files = (
				79C807D11B8BE60D008F2938 /* RBTimeSpan.m in Sources */,
				79372C041B9587B100FBC121 /* RBDateTimeAddingTests.m in Sources */,
				7926328E1B94E2F10093FAEA /* RBDateTimeBasicTests.m in Sources */,
				79372C0A1B96287E00FBC121 /* RBDateTime+Formatting.m in Sources */,
				79372C091B9627CE00FBC121 /* RBDateTimeFormattingTests.m in Sources */,
				792632901B94F9B70093FAEA /* RBDateTimeTimeZoneTests.m in Sources */,
				79C807D21B8BE611008F2938 /* RBDateTime.m in Sources */,
			);
			runOnlyForDeploymentPostprocessing = 0;
		};
/* End PBXSourcesBuildPhase section */

/* Begin PBXTargetDependency section */
		79C807C01B8BDFC2008F2938 /* PBXTargetDependency */ = {
			isa = PBXTargetDependency;
			target = 79C807B11B8BDFC2008F2938 /* RBDateTime */;
			targetProxy = 79C807BF1B8BDFC2008F2938 /* PBXContainerItemProxy */;
		};
/* End PBXTargetDependency section */

/* Begin XCBuildConfiguration section */
		79C807C41B8BDFC2008F2938 /* Debug */ = {
			isa = XCBuildConfiguration;
			buildSettings = {
				ALWAYS_SEARCH_USER_PATHS = NO;
				CLANG_CXX_LANGUAGE_STANDARD = "gnu++0x";
				CLANG_CXX_LIBRARY = "libc++";
				CLANG_ENABLE_MODULES = YES;
				CLANG_ENABLE_OBJC_ARC = YES;
				CLANG_WARN_BOOL_CONVERSION = YES;
				CLANG_WARN_CONSTANT_CONVERSION = YES;
				CLANG_WARN_DIRECT_OBJC_ISA_USAGE = YES_ERROR;
				CLANG_WARN_EMPTY_BODY = YES;
				CLANG_WARN_ENUM_CONVERSION = YES;
				CLANG_WARN_INT_CONVERSION = YES;
				CLANG_WARN_OBJC_ROOT_CLASS = YES_ERROR;
				CLANG_WARN_UNREACHABLE_CODE = YES;
				CLANG_WARN__DUPLICATE_METHOD_MATCH = YES;
				COPY_PHASE_STRIP = NO;
				DEBUG_INFORMATION_FORMAT = "dwarf-with-dsym";
				ENABLE_STRICT_OBJC_MSGSEND = YES;
				GCC_C_LANGUAGE_STANDARD = gnu99;
				GCC_DYNAMIC_NO_PIC = NO;
				GCC_NO_COMMON_BLOCKS = YES;
				GCC_OPTIMIZATION_LEVEL = 0;
				GCC_PREPROCESSOR_DEFINITIONS = (
					"DEBUG=1",
					"$(inherited)",
				);
				GCC_SYMBOLS_PRIVATE_EXTERN = NO;
				GCC_WARN_64_TO_32_BIT_CONVERSION = YES;
				GCC_WARN_ABOUT_RETURN_TYPE = YES_ERROR;
				GCC_WARN_UNDECLARED_SELECTOR = YES;
				GCC_WARN_UNINITIALIZED_AUTOS = YES_AGGRESSIVE;
				GCC_WARN_UNUSED_FUNCTION = YES;
				GCC_WARN_UNUSED_VARIABLE = YES;
				IPHONEOS_DEPLOYMENT_TARGET = 8.4;
				MTL_ENABLE_DEBUG_INFO = YES;
				ONLY_ACTIVE_ARCH = YES;
				SDKROOT = iphoneos;
			};
			name = Debug;
		};
		79C807C51B8BDFC2008F2938 /* Release */ = {
			isa = XCBuildConfiguration;
			buildSettings = {
				ALWAYS_SEARCH_USER_PATHS = NO;
				CLANG_CXX_LANGUAGE_STANDARD = "gnu++0x";
				CLANG_CXX_LIBRARY = "libc++";
				CLANG_ENABLE_MODULES = YES;
				CLANG_ENABLE_OBJC_ARC = YES;
				CLANG_WARN_BOOL_CONVERSION = YES;
				CLANG_WARN_CONSTANT_CONVERSION = YES;
				CLANG_WARN_DIRECT_OBJC_ISA_USAGE = YES_ERROR;
				CLANG_WARN_EMPTY_BODY = YES;
				CLANG_WARN_ENUM_CONVERSION = YES;
				CLANG_WARN_INT_CONVERSION = YES;
				CLANG_WARN_OBJC_ROOT_CLASS = YES_ERROR;
				CLANG_WARN_UNREACHABLE_CODE = YES;
				CLANG_WARN__DUPLICATE_METHOD_MATCH = YES;
				COPY_PHASE_STRIP = NO;
				DEBUG_INFORMATION_FORMAT = "dwarf-with-dsym";
				ENABLE_NS_ASSERTIONS = NO;
				ENABLE_STRICT_OBJC_MSGSEND = YES;
				GCC_C_LANGUAGE_STANDARD = gnu99;
				GCC_NO_COMMON_BLOCKS = YES;
				GCC_WARN_64_TO_32_BIT_CONVERSION = YES;
				GCC_WARN_ABOUT_RETURN_TYPE = YES_ERROR;
				GCC_WARN_UNDECLARED_SELECTOR = YES;
				GCC_WARN_UNINITIALIZED_AUTOS = YES_AGGRESSIVE;
				GCC_WARN_UNUSED_FUNCTION = YES;
				GCC_WARN_UNUSED_VARIABLE = YES;
				IPHONEOS_DEPLOYMENT_TARGET = 8.4;
				MTL_ENABLE_DEBUG_INFO = NO;
				SDKROOT = iphoneos;
				VALIDATE_PRODUCT = YES;
			};
			name = Release;
		};
		79C807C71B8BDFC2008F2938 /* Debug */ = {
			isa = XCBuildConfiguration;
			buildSettings = {
				OTHER_LDFLAGS = "-ObjC";
				PRODUCT_NAME = "$(TARGET_NAME)";
				SKIP_INSTALL = YES;
			};
			name = Debug;
		};
		79C807C81B8BDFC2008F2938 /* Release */ = {
			isa = XCBuildConfiguration;
			buildSettings = {
				OTHER_LDFLAGS = "-ObjC";
				PRODUCT_NAME = "$(TARGET_NAME)";
				SKIP_INSTALL = YES;
			};
			name = Release;
		};
		79C807CA1B8BDFC2008F2938 /* Debug */ = {
			isa = XCBuildConfiguration;
			buildSettings = {
				"CODE_SIGN_IDENTITY[sdk=iphoneos*]" = "iPhone Developer";
				FRAMEWORK_SEARCH_PATHS = (
					"$(SDKROOT)/Developer/Library/Frameworks",
					"$(inherited)",
				);
				GCC_PREPROCESSOR_DEFINITIONS = (
					"DEBUG=1",
					"$(inherited)",
				);
				INFOPLIST_FILE = RBDateTimeTests/Info.plist;
				LD_RUNPATH_SEARCH_PATHS = "$(inherited) @executable_path/Frameworks @loader_path/Frameworks";
				PRODUCT_NAME = "$(TARGET_NAME)";
			};
			name = Debug;
		};
		79C807CB1B8BDFC2008F2938 /* Release */ = {
			isa = XCBuildConfiguration;
			buildSettings = {
				"CODE_SIGN_IDENTITY[sdk=iphoneos*]" = "iPhone Developer";
				FRAMEWORK_SEARCH_PATHS = (
					"$(SDKROOT)/Developer/Library/Frameworks",
					"$(inherited)",
				);
				INFOPLIST_FILE = RBDateTimeTests/Info.plist;
				LD_RUNPATH_SEARCH_PATHS = "$(inherited) @executable_path/Frameworks @loader_path/Frameworks";
				PRODUCT_NAME = "$(TARGET_NAME)";
			};
			name = Release;
		};
/* End XCBuildConfiguration section */

/* Begin XCConfigurationList section */
		79C807AD1B8BDFC2008F2938 /* Build configuration list for PBXProject "RBDateTime" */ = {
			isa = XCConfigurationList;
			buildConfigurations = (
				79C807C41B8BDFC2008F2938 /* Debug */,
				79C807C51B8BDFC2008F2938 /* Release */,
			);
			defaultConfigurationIsVisible = 0;
			defaultConfigurationName = Release;
		};
		79C807C61B8BDFC2008F2938 /* Build configuration list for PBXNativeTarget "RBDateTime" */ = {
			isa = XCConfigurationList;
			buildConfigurations = (
				79C807C71B8BDFC2008F2938 /* Debug */,
				79C807C81B8BDFC2008F2938 /* Release */,
			);
			defaultConfigurationIsVisible = 0;
			defaultConfigurationName = Release;
		};
		79C807C91B8BDFC2008F2938 /* Build configuration list for PBXNativeTarget "RBDateTimeTests" */ = {
			isa = XCConfigurationList;
			buildConfigurations = (
				79C807CA1B8BDFC2008F2938 /* Debug */,
				79C807CB1B8BDFC2008F2938 /* Release */,
			);
			defaultConfigurationIsVisible = 0;
			defaultConfigurationName = Release;
		};
/* End XCConfigurationList section */
	};
	rootObject = 79C807AA1B8BDFC2008F2938 /* Project object */;
}
